
Microsoft Visual Studio Solution File, Format Version 12.00
# Visual Studio Version 17
VisualStudioVersion = 17.8.34309.116
MinimumVisualStudioVersion = 10.0.40219.1
Project("{8BC9CEB8-8B4A-11D0-8D11-00A0C91BC942}") = "Task 15", "Task 15.vcxproj", "{A85D026F-287F-494F-B421-3D9C88649A6C}"
EndProject
Global
	GlobalSection(SolutionConfigurationPlatforms) = preSolution
		Debug|x64 = Debug|x64
		Debug|x86 = Debug|x86
		Release|x64 = Release|x64
		Release|x86 = Release|x86
	EndGlobalSection
	GlobalSection(ProjectConfigurationPlatforms) = postSolution
		{A85D026F-287F-494F-B421-3D9C88649A6C}.Debug|x64.ActiveCfg = Debug|x64
		{A85D026F-287F-494F-B421-3D9C88649A6C}.Debug|x64.Build.0 = Debug|x64
		{A85D026F-287F-494F-B421-3D9C88649A6C}.Debug|x86.ActiveCfg = Debug|Win32
		{A85D026F-287F-494F-B421-3D9C88649A6C}.Debug|x86.Build.0 = Debug|Win32
		{A85D026F-287F-494F-B421-3D9C88649A6C}.Release|x64.ActiveCfg = Release|x64
		{A85D026F-287F-494F-B421-3D9C88649A6C}.Release|x64.Build.0 = Release|x64
		{A85D026F-287F-494F-B421-3D9C88649A6C}.Release|x86.ActiveCfg = Release|Win32
		{A85D026F-287F-494F-B421-3D9C88649A6C}.Release|x86.Build.0 = Release|Win32
	EndGlobalSection
	GlobalSection(SolutionProperties) = preSolution
		HideSolutionNode = FALSE
	EndGlobalSection
	GlobalSection(ExtensibilityGlobals) = postSolution
		SolutionGuid = {9F6A67EE-5712-4794-AFF7-1604CA4030A5}
	EndGlobalSection
EndGlobal
