
Microsoft Visual Studio Solution File, Format Version 12.00
# Visual Studio Version 17
VisualStudioVersion = 17.8.34309.116
MinimumVisualStudioVersion = 10.0.40219.1
Project("{8BC9CEB8-8B4A-11D0-8D11-00A0C91BC942}") = "Task 4", "Task 4.vcxproj", "{FC575FD5-61B2-4FA2-A4AB-65E6DCF24F11}"
EndProject
Global
	GlobalSection(SolutionConfigurationPlatforms) = preSolution
		Debug|x64 = Debug|x64
		Debug|x86 = Debug|x86
		Release|x64 = Release|x64
		Release|x86 = Release|x86
	EndGlobalSection
	GlobalSection(ProjectConfigurationPlatforms) = postSolution
		{FC575FD5-61B2-4FA2-A4AB-65E6DCF24F11}.Debug|x64.ActiveCfg = Debug|x64
		{FC575FD5-61B2-4FA2-A4AB-65E6DCF24F11}.Debug|x64.Build.0 = Debug|x64
		{FC575FD5-61B2-4FA2-A4AB-65E6DCF24F11}.Debug|x86.ActiveCfg = Debug|Win32
		{FC575FD5-61B2-4FA2-A4AB-65E6DCF24F11}.Debug|x86.Build.0 = Debug|Win32
		{FC575FD5-61B2-4FA2-A4AB-65E6DCF24F11}.Release|x64.ActiveCfg = Release|x64
		{FC575FD5-61B2-4FA2-A4AB-65E6DCF24F11}.Release|x64.Build.0 = Release|x64
		{FC575FD5-61B2-4FA2-A4AB-65E6DCF24F11}.Release|x86.ActiveCfg = Release|Win32
		{FC575FD5-61B2-4FA2-A4AB-65E6DCF24F11}.Release|x86.Build.0 = Release|Win32
	EndGlobalSection
	GlobalSection(SolutionProperties) = preSolution
		HideSolutionNode = FALSE
	EndGlobalSection
	GlobalSection(ExtensibilityGlobals) = postSolution
		SolutionGuid = {DD805412-7752-40E4-B0D0-DA488EA65F1D}
	EndGlobalSection
EndGlobal
